
Microsoft Visual Studio Solution File, Format Version 12.00
# Visual Studio Version 16
VisualStudioVersion = 16.0.30517.126
MinimumVisualStudioVersion = 10.0.40219.1
Project("{FAE04EC0-301F-11D3-BF4B-00C04F79EFBC}") = "Activation-Keys", "Activation-Keys\Activation-Keys.csproj", "{C5F663B5-4ABF-43FD-91AB-65979F7B8F94}"
EndProject
Project("{FAE04EC0-301F-11D3-BF4B-00C04F79EFBC}") = "Emoji-Detector", "Emoji-Detector\Emoji-Detector.csproj", "{59172911-0B29-416F-9540-CA7D4152794F}"
EndProject
Project("{FAE04EC0-301F-11D3-BF4B-00C04F79EFBC}") = "Pirates", "Pirates\Pirates.csproj", "{7C3A43F2-A245-405E-AF05-5C9A47BB6B01}"
EndProject
Global
	GlobalSection(SolutionConfigurationPlatforms) = preSolution
		Debug|Any CPU = Debug|Any CPU
		Release|Any CPU = Release|Any CPU
	EndGlobalSection
	GlobalSection(ProjectConfigurationPlatforms) = postSolution
		{C5F663B5-4ABF-43FD-91AB-65979F7B8F94}.Debug|Any CPU.ActiveCfg = Debug|Any CPU
		{C5F663B5-4ABF-43FD-91AB-65979F7B8F94}.Debug|Any CPU.Build.0 = Debug|Any CPU
		{C5F663B5-4ABF-43FD-91AB-65979F7B8F94}.Release|Any CPU.ActiveCfg = Release|Any CPU
		{C5F663B5-4ABF-43FD-91AB-65979F7B8F94}.Release|Any CPU.Build.0 = Release|Any CPU
		{59172911-0B29-416F-9540-CA7D4152794F}.Debug|Any CPU.ActiveCfg = Debug|Any CPU
		{59172911-0B29-416F-9540-CA7D4152794F}.Debug|Any CPU.Build.0 = Debug|Any CPU
		{59172911-0B29-416F-9540-CA7D4152794F}.Release|Any CPU.ActiveCfg = Release|Any CPU
		{59172911-0B29-416F-9540-CA7D4152794F}.Release|Any CPU.Build.0 = Release|Any CPU
		{7C3A43F2-A245-405E-AF05-5C9A47BB6B01}.Debug|Any CPU.ActiveCfg = Debug|Any CPU
		{7C3A43F2-A245-405E-AF05-5C9A47BB6B01}.Debug|Any CPU.Build.0 = Debug|Any CPU
		{7C3A43F2-A245-405E-AF05-5C9A47BB6B01}.Release|Any CPU.ActiveCfg = Release|Any CPU
		{7C3A43F2-A245-405E-AF05-5C9A47BB6B01}.Release|Any CPU.Build.0 = Release|Any CPU
	EndGlobalSection
	GlobalSection(SolutionProperties) = preSolution
		HideSolutionNode = FALSE
	EndGlobalSection
	GlobalSection(ExtensibilityGlobals) = postSolution
		SolutionGuid = {08391C07-7BBD-400C-BBAB-99F79E7ABF13}
	EndGlobalSection
EndGlobal
