
Microsoft Visual Studio Solution File, Format Version 12.00
# Visual Studio Version 16
VisualStudioVersion = 16.0.30517.126
MinimumVisualStudioVersion = 10.0.40219.1
Project("{9A19103F-16F7-4668-BE54-9A1E7A4F7556}") = "CounterStrike", "CounterStrike\CounterStrike.csproj", "{A994F6C8-80FA-43BB-A46E-4AE6C6C146CE}"
EndProject
Project("{9A19103F-16F7-4668-BE54-9A1E7A4F7556}") = "ShootfortheWin", "ShootfortheWin\ShootfortheWin.csproj", "{BD94711A-8616-440B-A8F9-96B136D40627}"
EndProject
Project("{9A19103F-16F7-4668-BE54-9A1E7A4F7556}") = "MovingTarget", "MovingTarget\MovingTarget.csproj", "{E42E0D19-C61D-4EBB-BB25-C611C8B47C41}"
EndProject
Project("{FAE04EC0-301F-11D3-BF4B-00C04F79EFBC}") = "NationalCourt", "NationalCourt\NationalCourt.csproj", "{505DD53E-3A32-45FA-B8D9-F244DCA9AF4B}"
EndProject
Project("{FAE04EC0-301F-11D3-BF4B-00C04F79EFBC}") = "ShoppingList", "ShoppingList\ShoppingList.csproj", "{D71D56C3-8E79-4E9F-8E0C-A700301613F7}"
EndProject
Project("{FAE04EC0-301F-11D3-BF4B-00C04F79EFBC}") = "HeartDelivery", "HeartDelivery\HeartDelivery.csproj", "{7242EAB0-5813-412D-869D-CB7ADEB8EEFF}"
EndProject
Global
	GlobalSection(SolutionConfigurationPlatforms) = preSolution
		Debug|Any CPU = Debug|Any CPU
		Release|Any CPU = Release|Any CPU
	EndGlobalSection
	GlobalSection(ProjectConfigurationPlatforms) = postSolution
		{A994F6C8-80FA-43BB-A46E-4AE6C6C146CE}.Debug|Any CPU.ActiveCfg = Debug|Any CPU
		{A994F6C8-80FA-43BB-A46E-4AE6C6C146CE}.Debug|Any CPU.Build.0 = Debug|Any CPU
		{A994F6C8-80FA-43BB-A46E-4AE6C6C146CE}.Release|Any CPU.ActiveCfg = Release|Any CPU
		{A994F6C8-80FA-43BB-A46E-4AE6C6C146CE}.Release|Any CPU.Build.0 = Release|Any CPU
		{BD94711A-8616-440B-A8F9-96B136D40627}.Debug|Any CPU.ActiveCfg = Debug|Any CPU
		{BD94711A-8616-440B-A8F9-96B136D40627}.Debug|Any CPU.Build.0 = Debug|Any CPU
		{BD94711A-8616-440B-A8F9-96B136D40627}.Release|Any CPU.ActiveCfg = Release|Any CPU
		{BD94711A-8616-440B-A8F9-96B136D40627}.Release|Any CPU.Build.0 = Release|Any CPU
		{E42E0D19-C61D-4EBB-BB25-C611C8B47C41}.Debug|Any CPU.ActiveCfg = Debug|Any CPU
		{E42E0D19-C61D-4EBB-BB25-C611C8B47C41}.Debug|Any CPU.Build.0 = Debug|Any CPU
		{E42E0D19-C61D-4EBB-BB25-C611C8B47C41}.Release|Any CPU.ActiveCfg = Release|Any CPU
		{E42E0D19-C61D-4EBB-BB25-C611C8B47C41}.Release|Any CPU.Build.0 = Release|Any CPU
		{505DD53E-3A32-45FA-B8D9-F244DCA9AF4B}.Debug|Any CPU.ActiveCfg = Debug|Any CPU
		{505DD53E-3A32-45FA-B8D9-F244DCA9AF4B}.Debug|Any CPU.Build.0 = Debug|Any CPU
		{505DD53E-3A32-45FA-B8D9-F244DCA9AF4B}.Release|Any CPU.ActiveCfg = Release|Any CPU
		{505DD53E-3A32-45FA-B8D9-F244DCA9AF4B}.Release|Any CPU.Build.0 = Release|Any CPU
		{D71D56C3-8E79-4E9F-8E0C-A700301613F7}.Debug|Any CPU.ActiveCfg = Debug|Any CPU
		{D71D56C3-8E79-4E9F-8E0C-A700301613F7}.Debug|Any CPU.Build.0 = Debug|Any CPU
		{D71D56C3-8E79-4E9F-8E0C-A700301613F7}.Release|Any CPU.ActiveCfg = Release|Any CPU
		{D71D56C3-8E79-4E9F-8E0C-A700301613F7}.Release|Any CPU.Build.0 = Release|Any CPU
		{7242EAB0-5813-412D-869D-CB7ADEB8EEFF}.Debug|Any CPU.ActiveCfg = Debug|Any CPU
		{7242EAB0-5813-412D-869D-CB7ADEB8EEFF}.Debug|Any CPU.Build.0 = Debug|Any CPU
		{7242EAB0-5813-412D-869D-CB7ADEB8EEFF}.Release|Any CPU.ActiveCfg = Release|Any CPU
		{7242EAB0-5813-412D-869D-CB7ADEB8EEFF}.Release|Any CPU.Build.0 = Release|Any CPU
	EndGlobalSection
	GlobalSection(SolutionProperties) = preSolution
		HideSolutionNode = FALSE
	EndGlobalSection
	GlobalSection(ExtensibilityGlobals) = postSolution
		SolutionGuid = {7259321B-8813-4642-AE70-9453A19CEFFF}
	EndGlobalSection
EndGlobal
