
Microsoft Visual Studio Solution File, Format Version 12.00
# Visual Studio Version 16
VisualStudioVersion = 16.0.30517.126
MinimumVisualStudioVersion = 10.0.40219.1
Project("{FAE04EC0-301F-11D3-BF4B-00C04F79EFBC}") = "IntegerOperations", "IntegerOperations\IntegerOperations.csproj", "{3CE2D8B3-A9F7-471E-A6D6-1A6177868F64}"
EndProject
Project("{FAE04EC0-301F-11D3-BF4B-00C04F79EFBC}") = "SumDigits", "SumDigits\SumDigits.csproj", "{B6D261F9-F71D-40CD-90D0-A3F2A7592EF4}"
EndProject
Project("{FAE04EC0-301F-11D3-BF4B-00C04F79EFBC}") = "Elevator", "Elevator\Elevator.csproj", "{2436D105-F537-49DA-8935-3F0D8346155E}"
EndProject
Project("{FAE04EC0-301F-11D3-BF4B-00C04F79EFBC}") = "SumOfChars", "SumOfChars\SumOfChars.csproj", "{FA0999D5-C96A-461C-8081-74714272E807}"
EndProject
Project("{FAE04EC0-301F-11D3-BF4B-00C04F79EFBC}") = "PrintPartOfASCIITable", "PrintPartOfASCIITable\PrintPartOfASCIITable.csproj", "{8D43B9A2-DB49-447D-89C5-451BE3795A9A}"
EndProject
Project("{FAE04EC0-301F-11D3-BF4B-00C04F79EFBC}") = "TriplesOfLatinLetters", "TriplesOfLatinLetters\TriplesOfLatinLetters.csproj", "{ECA3D4A5-8D6F-413B-B5F6-3BE727621D1C}"
EndProject
Project("{FAE04EC0-301F-11D3-BF4B-00C04F79EFBC}") = "WaterOverflow", "WaterOverflow\WaterOverflow.csproj", "{DAC42639-BF3B-4589-BEB8-12052267FFDC}"
EndProject
Project("{FAE04EC0-301F-11D3-BF4B-00C04F79EFBC}") = "BeerKegs", "BeerKegs\BeerKegs.csproj", "{9DE4BE14-AD30-4210-BCFA-972C624A6170}"
EndProject
Project("{FAE04EC0-301F-11D3-BF4B-00C04F79EFBC}") = "SpiceMustFlow", "SpiceMustFlow\SpiceMustFlow.csproj", "{F22438F3-23E0-423C-BC0A-2F305B55C549}"
EndProject
Project("{FAE04EC0-301F-11D3-BF4B-00C04F79EFBC}") = "PokeMon", "PokeMon\PokeMon.csproj", "{C9E8BF8F-497E-4418-8DA8-70CA36705701}"
EndProject
Project("{FAE04EC0-301F-11D3-BF4B-00C04F79EFBC}") = "Snowballs", "Snowballs\Snowballs.csproj", "{D733AA4C-97ED-4C5D-A252-918E1BFA5A62}"
EndProject
Global
	GlobalSection(SolutionConfigurationPlatforms) = preSolution
		Debug|Any CPU = Debug|Any CPU
		Release|Any CPU = Release|Any CPU
	EndGlobalSection
	GlobalSection(ProjectConfigurationPlatforms) = postSolution
		{3CE2D8B3-A9F7-471E-A6D6-1A6177868F64}.Debug|Any CPU.ActiveCfg = Debug|Any CPU
		{3CE2D8B3-A9F7-471E-A6D6-1A6177868F64}.Debug|Any CPU.Build.0 = Debug|Any CPU
		{3CE2D8B3-A9F7-471E-A6D6-1A6177868F64}.Release|Any CPU.ActiveCfg = Release|Any CPU
		{3CE2D8B3-A9F7-471E-A6D6-1A6177868F64}.Release|Any CPU.Build.0 = Release|Any CPU
		{B6D261F9-F71D-40CD-90D0-A3F2A7592EF4}.Debug|Any CPU.ActiveCfg = Debug|Any CPU
		{B6D261F9-F71D-40CD-90D0-A3F2A7592EF4}.Debug|Any CPU.Build.0 = Debug|Any CPU
		{B6D261F9-F71D-40CD-90D0-A3F2A7592EF4}.Release|Any CPU.ActiveCfg = Release|Any CPU
		{B6D261F9-F71D-40CD-90D0-A3F2A7592EF4}.Release|Any CPU.Build.0 = Release|Any CPU
		{2436D105-F537-49DA-8935-3F0D8346155E}.Debug|Any CPU.ActiveCfg = Debug|Any CPU
		{2436D105-F537-49DA-8935-3F0D8346155E}.Debug|Any CPU.Build.0 = Debug|Any CPU
		{2436D105-F537-49DA-8935-3F0D8346155E}.Release|Any CPU.ActiveCfg = Release|Any CPU
		{2436D105-F537-49DA-8935-3F0D8346155E}.Release|Any CPU.Build.0 = Release|Any CPU
		{FA0999D5-C96A-461C-8081-74714272E807}.Debug|Any CPU.ActiveCfg = Debug|Any CPU
		{FA0999D5-C96A-461C-8081-74714272E807}.Debug|Any CPU.Build.0 = Debug|Any CPU
		{FA0999D5-C96A-461C-8081-74714272E807}.Release|Any CPU.ActiveCfg = Release|Any CPU
		{FA0999D5-C96A-461C-8081-74714272E807}.Release|Any CPU.Build.0 = Release|Any CPU
		{8D43B9A2-DB49-447D-89C5-451BE3795A9A}.Debug|Any CPU.ActiveCfg = Debug|Any CPU
		{8D43B9A2-DB49-447D-89C5-451BE3795A9A}.Debug|Any CPU.Build.0 = Debug|Any CPU
		{8D43B9A2-DB49-447D-89C5-451BE3795A9A}.Release|Any CPU.ActiveCfg = Release|Any CPU
		{8D43B9A2-DB49-447D-89C5-451BE3795A9A}.Release|Any CPU.Build.0 = Release|Any CPU
		{ECA3D4A5-8D6F-413B-B5F6-3BE727621D1C}.Debug|Any CPU.ActiveCfg = Debug|Any CPU
		{ECA3D4A5-8D6F-413B-B5F6-3BE727621D1C}.Debug|Any CPU.Build.0 = Debug|Any CPU
		{ECA3D4A5-8D6F-413B-B5F6-3BE727621D1C}.Release|Any CPU.ActiveCfg = Release|Any CPU
		{ECA3D4A5-8D6F-413B-B5F6-3BE727621D1C}.Release|Any CPU.Build.0 = Release|Any CPU
		{DAC42639-BF3B-4589-BEB8-12052267FFDC}.Debug|Any CPU.ActiveCfg = Debug|Any CPU
		{DAC42639-BF3B-4589-BEB8-12052267FFDC}.Debug|Any CPU.Build.0 = Debug|Any CPU
		{DAC42639-BF3B-4589-BEB8-12052267FFDC}.Release|Any CPU.ActiveCfg = Release|Any CPU
		{DAC42639-BF3B-4589-BEB8-12052267FFDC}.Release|Any CPU.Build.0 = Release|Any CPU
		{9DE4BE14-AD30-4210-BCFA-972C624A6170}.Debug|Any CPU.ActiveCfg = Debug|Any CPU
		{9DE4BE14-AD30-4210-BCFA-972C624A6170}.Debug|Any CPU.Build.0 = Debug|Any CPU
		{9DE4BE14-AD30-4210-BCFA-972C624A6170}.Release|Any CPU.ActiveCfg = Release|Any CPU
		{9DE4BE14-AD30-4210-BCFA-972C624A6170}.Release|Any CPU.Build.0 = Release|Any CPU
		{F22438F3-23E0-423C-BC0A-2F305B55C549}.Debug|Any CPU.ActiveCfg = Debug|Any CPU
		{F22438F3-23E0-423C-BC0A-2F305B55C549}.Debug|Any CPU.Build.0 = Debug|Any CPU
		{F22438F3-23E0-423C-BC0A-2F305B55C549}.Release|Any CPU.ActiveCfg = Release|Any CPU
		{F22438F3-23E0-423C-BC0A-2F305B55C549}.Release|Any CPU.Build.0 = Release|Any CPU
		{C9E8BF8F-497E-4418-8DA8-70CA36705701}.Debug|Any CPU.ActiveCfg = Debug|Any CPU
		{C9E8BF8F-497E-4418-8DA8-70CA36705701}.Debug|Any CPU.Build.0 = Debug|Any CPU
		{C9E8BF8F-497E-4418-8DA8-70CA36705701}.Release|Any CPU.ActiveCfg = Release|Any CPU
		{C9E8BF8F-497E-4418-8DA8-70CA36705701}.Release|Any CPU.Build.0 = Release|Any CPU
		{D733AA4C-97ED-4C5D-A252-918E1BFA5A62}.Debug|Any CPU.ActiveCfg = Debug|Any CPU
		{D733AA4C-97ED-4C5D-A252-918E1BFA5A62}.Debug|Any CPU.Build.0 = Debug|Any CPU
		{D733AA4C-97ED-4C5D-A252-918E1BFA5A62}.Release|Any CPU.ActiveCfg = Release|Any CPU
		{D733AA4C-97ED-4C5D-A252-918E1BFA5A62}.Release|Any CPU.Build.0 = Release|Any CPU
	EndGlobalSection
	GlobalSection(SolutionProperties) = preSolution
		HideSolutionNode = FALSE
	EndGlobalSection
	GlobalSection(ExtensibilityGlobals) = postSolution
		SolutionGuid = {8D9B35C1-BB43-4910-9B74-7FC66D3FFFC7}
	EndGlobalSection
EndGlobal
